
Microsoft Visual Studio Solution File, Format Version 12.00
# Visual Studio Version 17
VisualStudioVersion = 17.4.33213.308
MinimumVisualStudioVersion = 10.0.40219.1
Project("{FAE04EC0-301F-11D3-BF4B-00C04F79EFBC}") = "EnderLilies.Randomizer", "EnderLilies.Randomizer\EnderLilies.Randomizer.csproj", "{468DC6B8-3D5C-4CA3-A088-F657EA27BC21}"
EndProject
Project("{8BC9CEB8-8B4A-11D0-8D11-00A0C91BC942}") = "EnderLilies.Game", "EnderLilies.Game\EnderLilies.Game.vcxproj", "{EB7B7252-457A-4529-8C86-572492F0B826}"
EndProject
Project("{2150E333-8FDC-42A3-9474-1A3956D46DE8}") = "Solution Items", "Solution Items", "{774F0B6E-EC8F-4B32-A9EA-9AAEE4CC0EBA}"
	ProjectSection(SolutionItems) = preProject
		Update\update.xml = Update\update.xml
	EndProjectSection
EndProject
Project("{FAE04EC0-301F-11D3-BF4B-00C04F79EFBC}") = "LiveSplit.Core", "..\..\LiveSplit.Core\LiveSplit.Core.csproj", "{6DE847DB-20A3-4848-AEEE-1B4364AECDFB}"
EndProject
Project("{FAE04EC0-301F-11D3-BF4B-00C04F79EFBC}") = "UpdateManager", "..\..\UpdateManager\UpdateManager.csproj", "{56DEA3A0-2EB7-493B-B50F-A5E3AA8AE52A}"
EndProject
Project("{FAE04EC0-301F-11D3-BF4B-00C04F79EFBC}") = "SpeedrunComSharp", "..\..\Libs\SpeedrunComSharp\SpeedrunComSharp\SpeedrunComSharp.csproj", "{924AAFFE-5B89-49E2-99AD-EC9373CC838D}"
EndProject
Global
	GlobalSection(SolutionConfigurationPlatforms) = preSolution
		Debug with API Calls|Any CPU = Debug with API Calls|Any CPU
		Debug with API Calls|x64 = Debug with API Calls|x64
		Debug with API Calls|x86 = Debug with API Calls|x86
		Debug|Any CPU = Debug|Any CPU
		Debug|x64 = Debug|x64
		Debug|x86 = Debug|x86
		Release Candidate|Any CPU = Release Candidate|Any CPU
		Release Candidate|x64 = Release Candidate|x64
		Release Candidate|x86 = Release Candidate|x86
		Release|Any CPU = Release|Any CPU
		Release|x64 = Release|x64
		Release|x86 = Release|x86
	EndGlobalSection
	GlobalSection(ProjectConfigurationPlatforms) = postSolution
		{468DC6B8-3D5C-4CA3-A088-F657EA27BC21}.Debug with API Calls|Any CPU.ActiveCfg = Debug|Any CPU
		{468DC6B8-3D5C-4CA3-A088-F657EA27BC21}.Debug with API Calls|Any CPU.Build.0 = Debug|Any CPU
		{468DC6B8-3D5C-4CA3-A088-F657EA27BC21}.Debug with API Calls|x64.ActiveCfg = Debug|Any CPU
		{468DC6B8-3D5C-4CA3-A088-F657EA27BC21}.Debug with API Calls|x64.Build.0 = Debug|Any CPU
		{468DC6B8-3D5C-4CA3-A088-F657EA27BC21}.Debug with API Calls|x86.ActiveCfg = Debug|Any CPU
		{468DC6B8-3D5C-4CA3-A088-F657EA27BC21}.Debug with API Calls|x86.Build.0 = Debug|Any CPU
		{468DC6B8-3D5C-4CA3-A088-F657EA27BC21}.Debug|Any CPU.ActiveCfg = Debug|Any CPU
		{468DC6B8-3D5C-4CA3-A088-F657EA27BC21}.Debug|Any CPU.Build.0 = Debug|Any CPU
		{468DC6B8-3D5C-4CA3-A088-F657EA27BC21}.Debug|x64.ActiveCfg = Debug|Any CPU
		{468DC6B8-3D5C-4CA3-A088-F657EA27BC21}.Debug|x64.Build.0 = Debug|Any CPU
		{468DC6B8-3D5C-4CA3-A088-F657EA27BC21}.Debug|x86.ActiveCfg = Debug|Any CPU
		{468DC6B8-3D5C-4CA3-A088-F657EA27BC21}.Debug|x86.Build.0 = Debug|Any CPU
		{468DC6B8-3D5C-4CA3-A088-F657EA27BC21}.Release Candidate|Any CPU.ActiveCfg = Release|Any CPU
		{468DC6B8-3D5C-4CA3-A088-F657EA27BC21}.Release Candidate|Any CPU.Build.0 = Release|Any CPU
		{468DC6B8-3D5C-4CA3-A088-F657EA27BC21}.Release Candidate|x64.ActiveCfg = Release|Any CPU
		{468DC6B8-3D5C-4CA3-A088-F657EA27BC21}.Release Candidate|x64.Build.0 = Release|Any CPU
		{468DC6B8-3D5C-4CA3-A088-F657EA27BC21}.Release Candidate|x86.ActiveCfg = Release|Any CPU
		{468DC6B8-3D5C-4CA3-A088-F657EA27BC21}.Release Candidate|x86.Build.0 = Release|Any CPU
		{468DC6B8-3D5C-4CA3-A088-F657EA27BC21}.Release|Any CPU.ActiveCfg = Release|Any CPU
		{468DC6B8-3D5C-4CA3-A088-F657EA27BC21}.Release|Any CPU.Build.0 = Release|Any CPU
		{468DC6B8-3D5C-4CA3-A088-F657EA27BC21}.Release|x64.ActiveCfg = Release|Any CPU
		{468DC6B8-3D5C-4CA3-A088-F657EA27BC21}.Release|x64.Build.0 = Release|Any CPU
		{468DC6B8-3D5C-4CA3-A088-F657EA27BC21}.Release|x86.ActiveCfg = Release|Any CPU
		{468DC6B8-3D5C-4CA3-A088-F657EA27BC21}.Release|x86.Build.0 = Release|Any CPU
		{EB7B7252-457A-4529-8C86-572492F0B826}.Debug with API Calls|Any CPU.ActiveCfg = Debug|x64
		{EB7B7252-457A-4529-8C86-572492F0B826}.Debug with API Calls|Any CPU.Build.0 = Debug|x64
		{EB7B7252-457A-4529-8C86-572492F0B826}.Debug with API Calls|x64.ActiveCfg = Debug|x64
		{EB7B7252-457A-4529-8C86-572492F0B826}.Debug with API Calls|x64.Build.0 = Debug|x64
		{EB7B7252-457A-4529-8C86-572492F0B826}.Debug with API Calls|x86.ActiveCfg = Debug|Win32
		{EB7B7252-457A-4529-8C86-572492F0B826}.Debug with API Calls|x86.Build.0 = Debug|Win32
		{EB7B7252-457A-4529-8C86-572492F0B826}.Debug|Any CPU.ActiveCfg = Debug|x64
		{EB7B7252-457A-4529-8C86-572492F0B826}.Debug|Any CPU.Build.0 = Debug|x64
		{EB7B7252-457A-4529-8C86-572492F0B826}.Debug|x64.ActiveCfg = Debug|x64
		{EB7B7252-457A-4529-8C86-572492F0B826}.Debug|x64.Build.0 = Debug|x64
		{EB7B7252-457A-4529-8C86-572492F0B826}.Debug|x86.ActiveCfg = Debug|x64
		{EB7B7252-457A-4529-8C86-572492F0B826}.Debug|x86.Build.0 = Debug|x64
		{EB7B7252-457A-4529-8C86-572492F0B826}.Release Candidate|Any CPU.ActiveCfg = Release|x64
		{EB7B7252-457A-4529-8C86-572492F0B826}.Release Candidate|Any CPU.Build.0 = Release|x64
		{EB7B7252-457A-4529-8C86-572492F0B826}.Release Candidate|x64.ActiveCfg = Release|x64
		{EB7B7252-457A-4529-8C86-572492F0B826}.Release Candidate|x64.Build.0 = Release|x64
		{EB7B7252-457A-4529-8C86-572492F0B826}.Release Candidate|x86.ActiveCfg = Release|x64
		{EB7B7252-457A-4529-8C86-572492F0B826}.Release Candidate|x86.Build.0 = Release|x64
		{EB7B7252-457A-4529-8C86-572492F0B826}.Release|Any CPU.ActiveCfg = Release|x64
		{EB7B7252-457A-4529-8C86-572492F0B826}.Release|Any CPU.Build.0 = Release|x64
		{EB7B7252-457A-4529-8C86-572492F0B826}.Release|x64.ActiveCfg = Release|x64
		{EB7B7252-457A-4529-8C86-572492F0B826}.Release|x64.Build.0 = Release|x64
		{EB7B7252-457A-4529-8C86-572492F0B826}.Release|x86.ActiveCfg = Release|x64
		{EB7B7252-457A-4529-8C86-572492F0B826}.Release|x86.Build.0 = Release|x64
		{6DE847DB-20A3-4848-AEEE-1B4364AECDFB}.Debug with API Calls|Any CPU.ActiveCfg = Debug|Any CPU
		{6DE847DB-20A3-4848-AEEE-1B4364AECDFB}.Debug with API Calls|Any CPU.Build.0 = Debug|Any CPU
		{6DE847DB-20A3-4848-AEEE-1B4364AECDFB}.Debug with API Calls|x64.ActiveCfg = Debug|Any CPU
		{6DE847DB-20A3-4848-AEEE-1B4364AECDFB}.Debug with API Calls|x64.Build.0 = Debug|Any CPU
		{6DE847DB-20A3-4848-AEEE-1B4364AECDFB}.Debug with API Calls|x86.ActiveCfg = Debug|Any CPU
		{6DE847DB-20A3-4848-AEEE-1B4364AECDFB}.Debug with API Calls|x86.Build.0 = Debug|Any CPU
		{6DE847DB-20A3-4848-AEEE-1B4364AECDFB}.Debug|Any CPU.ActiveCfg = Debug|Any CPU
		{6DE847DB-20A3-4848-AEEE-1B4364AECDFB}.Debug|Any CPU.Build.0 = Debug|Any CPU
		{6DE847DB-20A3-4848-AEEE-1B4364AECDFB}.Debug|x64.ActiveCfg = Debug|Any CPU
		{6DE847DB-20A3-4848-AEEE-1B4364AECDFB}.Debug|x64.Build.0 = Debug|Any CPU
		{6DE847DB-20A3-4848-AEEE-1B4364AECDFB}.Debug|x86.ActiveCfg = Debug|Any CPU
		{6DE847DB-20A3-4848-AEEE-1B4364AECDFB}.Debug|x86.Build.0 = Debug|Any CPU
		{6DE847DB-20A3-4848-AEEE-1B4364AECDFB}.Release Candidate|Any CPU.ActiveCfg = Release Candidate|Any CPU
		{6DE847DB-20A3-4848-AEEE-1B4364AECDFB}.Release Candidate|Any CPU.Build.0 = Release Candidate|Any CPU
		{6DE847DB-20A3-4848-AEEE-1B4364AECDFB}.Release Candidate|x64.ActiveCfg = Release Candidate|Any CPU
		{6DE847DB-20A3-4848-AEEE-1B4364AECDFB}.Release Candidate|x64.Build.0 = Release Candidate|Any CPU
		{6DE847DB-20A3-4848-AEEE-1B4364AECDFB}.Release Candidate|x86.ActiveCfg = Release Candidate|Any CPU
		{6DE847DB-20A3-4848-AEEE-1B4364AECDFB}.Release Candidate|x86.Build.0 = Release Candidate|Any CPU
		{6DE847DB-20A3-4848-AEEE-1B4364AECDFB}.Release|Any CPU.ActiveCfg = Release|Any CPU
		{6DE847DB-20A3-4848-AEEE-1B4364AECDFB}.Release|Any CPU.Build.0 = Release|Any CPU
		{6DE847DB-20A3-4848-AEEE-1B4364AECDFB}.Release|x64.ActiveCfg = Release|Any CPU
		{6DE847DB-20A3-4848-AEEE-1B4364AECDFB}.Release|x64.Build.0 = Release|Any CPU
		{6DE847DB-20A3-4848-AEEE-1B4364AECDFB}.Release|x86.ActiveCfg = Release|Any CPU
		{6DE847DB-20A3-4848-AEEE-1B4364AECDFB}.Release|x86.Build.0 = Release|Any CPU
		{56DEA3A0-2EB7-493B-B50F-A5E3AA8AE52A}.Debug with API Calls|Any CPU.ActiveCfg = Debug|Any CPU
		{56DEA3A0-2EB7-493B-B50F-A5E3AA8AE52A}.Debug with API Calls|Any CPU.Build.0 = Debug|Any CPU
		{56DEA3A0-2EB7-493B-B50F-A5E3AA8AE52A}.Debug with API Calls|x64.ActiveCfg = Debug|Any CPU
		{56DEA3A0-2EB7-493B-B50F-A5E3AA8AE52A}.Debug with API Calls|x64.Build.0 = Debug|Any CPU
		{56DEA3A0-2EB7-493B-B50F-A5E3AA8AE52A}.Debug with API Calls|x86.ActiveCfg = Debug|Any CPU
		{56DEA3A0-2EB7-493B-B50F-A5E3AA8AE52A}.Debug with API Calls|x86.Build.0 = Debug|Any CPU
		{56DEA3A0-2EB7-493B-B50F-A5E3AA8AE52A}.Debug|Any CPU.ActiveCfg = Debug|Any CPU
		{56DEA3A0-2EB7-493B-B50F-A5E3AA8AE52A}.Debug|Any CPU.Build.0 = Debug|Any CPU
		{56DEA3A0-2EB7-493B-B50F-A5E3AA8AE52A}.Debug|x64.ActiveCfg = Debug|Any CPU
		{56DEA3A0-2EB7-493B-B50F-A5E3AA8AE52A}.Debug|x64.Build.0 = Debug|Any CPU
		{56DEA3A0-2EB7-493B-B50F-A5E3AA8AE52A}.Debug|x86.ActiveCfg = Debug|Any CPU
		{56DEA3A0-2EB7-493B-B50F-A5E3AA8AE52A}.Debug|x86.Build.0 = Debug|Any CPU
		{56DEA3A0-2EB7-493B-B50F-A5E3AA8AE52A}.Release Candidate|Any CPU.ActiveCfg = Release Candidate|Any CPU
		{56DEA3A0-2EB7-493B-B50F-A5E3AA8AE52A}.Release Candidate|Any CPU.Build.0 = Release Candidate|Any CPU
		{56DEA3A0-2EB7-493B-B50F-A5E3AA8AE52A}.Release Candidate|x64.ActiveCfg = Release Candidate|Any CPU
		{56DEA3A0-2EB7-493B-B50F-A5E3AA8AE52A}.Release Candidate|x64.Build.0 = Release Candidate|Any CPU
		{56DEA3A0-2EB7-493B-B50F-A5E3AA8AE52A}.Release Candidate|x86.ActiveCfg = Release Candidate|Any CPU
		{56DEA3A0-2EB7-493B-B50F-A5E3AA8AE52A}.Release Candidate|x86.Build.0 = Release Candidate|Any CPU
		{56DEA3A0-2EB7-493B-B50F-A5E3AA8AE52A}.Release|Any CPU.ActiveCfg = Release|Any CPU
		{56DEA3A0-2EB7-493B-B50F-A5E3AA8AE52A}.Release|Any CPU.Build.0 = Release|Any CPU
		{56DEA3A0-2EB7-493B-B50F-A5E3AA8AE52A}.Release|x64.ActiveCfg = Release|Any CPU
		{56DEA3A0-2EB7-493B-B50F-A5E3AA8AE52A}.Release|x64.Build.0 = Release|Any CPU
		{56DEA3A0-2EB7-493B-B50F-A5E3AA8AE52A}.Release|x86.ActiveCfg = Release|Any CPU
		{56DEA3A0-2EB7-493B-B50F-A5E3AA8AE52A}.Release|x86.Build.0 = Release|Any CPU
		{924AAFFE-5B89-49E2-99AD-EC9373CC838D}.Debug with API Calls|Any CPU.ActiveCfg = Debug with API Calls|Any CPU
		{924AAFFE-5B89-49E2-99AD-EC9373CC838D}.Debug with API Calls|Any CPU.Build.0 = Debug with API Calls|Any CPU
		{924AAFFE-5B89-49E2-99AD-EC9373CC838D}.Debug with API Calls|x64.ActiveCfg = Debug with API Calls|Any CPU
		{924AAFFE-5B89-49E2-99AD-EC9373CC838D}.Debug with API Calls|x64.Build.0 = Debug with API Calls|Any CPU
		{924AAFFE-5B89-49E2-99AD-EC9373CC838D}.Debug with API Calls|x86.ActiveCfg = Debug with API Calls|Any CPU
		{924AAFFE-5B89-49E2-99AD-EC9373CC838D}.Debug with API Calls|x86.Build.0 = Debug with API Calls|Any CPU
		{924AAFFE-5B89-49E2-99AD-EC9373CC838D}.Debug|Any CPU.ActiveCfg = Debug|Any CPU
		{924AAFFE-5B89-49E2-99AD-EC9373CC838D}.Debug|Any CPU.Build.0 = Debug|Any CPU
		{924AAFFE-5B89-49E2-99AD-EC9373CC838D}.Debug|x64.ActiveCfg = Debug|Any CPU
		{924AAFFE-5B89-49E2-99AD-EC9373CC838D}.Debug|x64.Build.0 = Debug|Any CPU
		{924AAFFE-5B89-49E2-99AD-EC9373CC838D}.Debug|x86.ActiveCfg = Debug|Any CPU
		{924AAFFE-5B89-49E2-99AD-EC9373CC838D}.Debug|x86.Build.0 = Debug|Any CPU
		{924AAFFE-5B89-49E2-99AD-EC9373CC838D}.Release Candidate|Any CPU.ActiveCfg = Release|Any CPU
		{924AAFFE-5B89-49E2-99AD-EC9373CC838D}.Release Candidate|Any CPU.Build.0 = Release|Any CPU
		{924AAFFE-5B89-49E2-99AD-EC9373CC838D}.Release Candidate|x64.ActiveCfg = Release|Any CPU
		{924AAFFE-5B89-49E2-99AD-EC9373CC838D}.Release Candidate|x64.Build.0 = Release|Any CPU
		{924AAFFE-5B89-49E2-99AD-EC9373CC838D}.Release Candidate|x86.ActiveCfg = Release|Any CPU
		{924AAFFE-5B89-49E2-99AD-EC9373CC838D}.Release Candidate|x86.Build.0 = Release|Any CPU
		{924AAFFE-5B89-49E2-99AD-EC9373CC838D}.Release|Any CPU.ActiveCfg = Release|Any CPU
		{924AAFFE-5B89-49E2-99AD-EC9373CC838D}.Release|Any CPU.Build.0 = Release|Any CPU
		{924AAFFE-5B89-49E2-99AD-EC9373CC838D}.Release|x64.ActiveCfg = Release|Any CPU
		{924AAFFE-5B89-49E2-99AD-EC9373CC838D}.Release|x64.Build.0 = Release|Any CPU
		{924AAFFE-5B89-49E2-99AD-EC9373CC838D}.Release|x86.ActiveCfg = Release|Any CPU
		{924AAFFE-5B89-49E2-99AD-EC9373CC838D}.Release|x86.Build.0 = Release|Any CPU
	EndGlobalSection
	GlobalSection(SolutionProperties) = preSolution
		HideSolutionNode = FALSE
	EndGlobalSection
	GlobalSection(ExtensibilityGlobals) = postSolution
		SolutionGuid = {84456F9F-058B-4006-A0D8-657A7B2FFE53}
	EndGlobalSection
EndGlobal
