<?xml version="1.0" encoding="utf-8"?>
<Project ToolsVersion="4.0" xmlns="http://schemas.microsoft.com/developer/msbuild/2003">
  <ItemGroup>
    <Filter Include="Source Files">
      <UniqueIdentifier>{4FC737F1-C7A5-4376-A066-2A32D752A2FF}</UniqueIdentifier>
      <Extensions>cpp;c;cc;cxx;c++;cppm;ixx;def;odl;idl;hpj;bat;asm;asmx</Extensions>
    </Filter>
    <Filter Include="Header Files">
      <UniqueIdentifier>{93995380-89BD-4b04-88EB-625FBE52EBFB}</UniqueIdentifier>
      <Extensions>h;hh;hpp;hxx;h++;hm;inl;inc;ipp;xsd</Extensions>
    </Filter>
  </ItemGroup>
  <ItemGroup>
    <ClInclude Include="pch.h">
      <Filter>Header Files</Filter>
    </ClInclude>
    <ClInclude Include="SDK.h">
      <Filter>Source Files</Filter>
    </ClInclude>
    <ClInclude Include="SDK\CoreUObject_parameters.h">
      <Filter>Header Files</Filter>
    </ClInclude>
    <ClInclude Include="SDK\CoreUObject_structs.h">
      <Filter>Header Files</Filter>
    </ClInclude>
    <ClInclude Include="SDK\CoreUObject_classes.h">
      <Filter>Header Files</Filter>
    </ClInclude>
    <ClInclude Include="SDK\Engine_classes.h">
      <Filter>Header Files</Filter>
    </ClInclude>
    <ClInclude Include="SDK\BP_Interactable_Item_classes.h">
      <Filter>Header Files</Filter>
    </ClInclude>
    <ClInclude Include="SDK\BP_Interactable_Item_parameters.h">
      <Filter>Header Files</Filter>
    </ClInclude>
    <ClInclude Include="SDK\BP_Interactable_Item_structs.h">
      <Filter>Header Files</Filter>
    </ClInclude>
    <ClInclude Include="SDK\BP_Character_Boss_Base_classes.h">
      <Filter>Header Files</Filter>
    </ClInclude>
    <ClInclude Include="SDK\BP_Character_Boss_Base_parameters.h">
      <Filter>Header Files</Filter>
    </ClInclude>
    <ClInclude Include="SDK\BP_Character_Boss_Base_structs.h">
      <Filter>Header Files</Filter>
    </ClInclude>
    <ClInclude Include="SDK\BP_Interactable_Treasure_parameters.h">
      <Filter>Header Files</Filter>
    </ClInclude>
    <ClInclude Include="SDK\BP_Interactable_Treasure_structs.h">
      <Filter>Header Files</Filter>
    </ClInclude>
    <ClInclude Include="SDK\BP_Interactable_Treasure_classes.h">
      <Filter>Header Files</Filter>
    </ClInclude>
    <ClInclude Include="SDK\Zenith_parameters.h">
      <Filter>Header Files</Filter>
    </ClInclude>
    <ClInclude Include="SDK\Zenith_structs.h">
      <Filter>Header Files</Filter>
    </ClInclude>
    <ClInclude Include="SDK\Zenith_classes.h">
      <Filter>Header Files</Filter>
    </ClInclude>
    <ClInclude Include="lib\detours.h">
      <Filter>Header Files</Filter>
    </ClInclude>
    <ClInclude Include="Randomizer.h">
      <Filter>Header Files</Filter>
    </ClInclude>
    <ClInclude Include="resource.h">
      <Filter>Header Files</Filter>
    </ClInclude>
    <ClInclude Include="SDK\BP_WorldTravelVolume_classes.h">
      <Filter>Header Files</Filter>
    </ClInclude>
    <ClInclude Include="SDK\GameplayTasks_classes.h">
      <Filter>Header Files</Filter>
    </ClInclude>
    <ClInclude Include="SDK\BasicHelper.h">
      <Filter>Header Files</Filter>
    </ClInclude>
    <ClInclude Include="SDK\BP_EnemySpawnPoint_Boss_parameters.h">
      <Filter>Header Files</Filter>
    </ClInclude>
    <ClInclude Include="SDK\BP_EnemySpawnPoint_Boss_classes.h">
      <Filter>Header Files</Filter>
    </ClInclude>
    <ClInclude Include="SDK\BP_EnemySpawnPoint_Boss_structs.h">
      <Filter>Header Files</Filter>
    </ClInclude>
    <ClInclude Include="Function.hpp">
      <Filter>Header Files</Filter>
    </ClInclude>
    <ClInclude Include="UnrealFunctions.hpp">
      <Filter>Header Files</Filter>
    </ClInclude>
    <ClInclude Include="SDK\BP_Condition_EnemyList.h">
      <Filter>Header Files</Filter>
    </ClInclude>
    <ClInclude Include="SharedMemory.h">
      <Filter>Header Files</Filter>
    </ClInclude>
    <ClInclude Include="SDK\BP_Door.h">
      <Filter>Header Files</Filter>
    </ClInclude>
    <ClInclude Include="SDK\BP_SwitchHitbox.hpp">
      <Filter>Header Files</Filter>
    </ClInclude>
    <ClInclude Include="SDK\BP_SwitchHitbox_Door.hpp">
      <Filter>Header Files</Filter>
    </ClInclude>
  </ItemGroup>
  <ItemGroup>
    <ClCompile Include="dllmain.cpp">
      <Filter>Source Files</Filter>
    </ClCompile>
    <ClCompile Include="SDK\CoreUObject_functions.cpp">
      <Filter>Source Files</Filter>
    </ClCompile>
    <ClCompile Include="SDK\BasicHelper.cpp">
      <Filter>Source Files</Filter>
    </ClCompile>
    <ClCompile Include="SDK\Zenith_functions.cpp">
      <Filter>Source Files</Filter>
    </ClCompile>
    <ClCompile Include="SDK\Engine_functions.cpp">
      <Filter>Source Files</Filter>
    </ClCompile>
    <ClCompile Include="pch.cpp">
      <Filter>Source Files</Filter>
    </ClCompile>
    <ClCompile Include="SDK\BP_Interactable_Treasure_functions.cpp">
      <Filter>Source Files</Filter>
    </ClCompile>
    <ClCompile Include="SDK\BP_Interactable_Item_functions.cpp">
      <Filter>Source Files</Filter>
    </ClCompile>
    <ClCompile Include="SDK\BP_Interactable_Event_functions.cpp">
      <Filter>Source Files</Filter>
    </ClCompile>
    <ClCompile Include="Randomizer.cpp">
      <Filter>Source Files</Filter>
    </ClCompile>
    <ClCompile Include="SDK\BP_WorldTravelVolume_functions.cpp">
      <Filter>Source Files</Filter>
    </ClCompile>
    <ClCompile Include="SDK\BP_EnemySpawnPoint_functions.cpp">
      <Filter>Source Files</Filter>
    </ClCompile>
    <ClCompile Include="SDK\BP_EnemySpawnPoint_Boss_functions.cpp">
      <Filter>Source Files</Filter>
    </ClCompile>
    <ClCompile Include="SDK\BP_Character_Boss_Base_functions.cpp">
      <Filter>Source Files</Filter>
    </ClCompile>
    <ClCompile Include="xinput.cpp">
      <Filter>Source Files</Filter>
    </ClCompile>
    <ClCompile Include="UnrealFunctions.cpp">
      <Filter>Source Files</Filter>
    </ClCompile>
    <ClCompile Include="SharedMemory.cpp">
      <Filter>Source Files</Filter>
    </ClCompile>
    <ClCompile Include="SDK\WBP_TipNotification_functions.cpp">
      <Filter>Source Files</Filter>
    </ClCompile>
    <ClCompile Include="SDK\WBP_AchievementNotification_functions.cpp">
      <Filter>Source Files</Filter>
    </ClCompile>
    <ClCompile Include="SDK\UMG_functions.cpp">
      <Filter>Source Files</Filter>
    </ClCompile>
    <ClCompile Include="SDK\WBP_RestMenu_functions.cpp">
      <Filter>Source Files</Filter>
    </ClCompile>
    <ClCompile Include="SDK\BP_Interactable_RestingPoint_functions.cpp">
      <Filter>Source Files</Filter>
    </ClCompile>
    <ClCompile Include="SDK\AssetRegistry_functions.cpp">
      <Filter>Source Files</Filter>
    </ClCompile>
    <ClCompile Include="SDK\GameplayTasks_functions.cpp">
      <Filter>Source Files</Filter>
    </ClCompile>
  </ItemGroup>
  <ItemGroup>
    <ResourceCompile Include="EnderLilies.Game.rc" />
  </ItemGroup>
  <ItemGroup>
    <None Include="xinput1_3.def">
      <Filter>Source Files</Filter>
    </None>
    <None Include="xinput1_3_asm.asm">
      <Filter>Source Files</Filter>
    </None>
  </ItemGroup>
</Project>